// !$*UTF8*$!
{
	archiveVersion = 1;
	classes = {
	};
	objectVersion = 70;
	objects = {

/* Begin PBXBuildFile section */
		AA4AD7332C20D4EB00BADA80 /* LanguagePopoverMenuPickerApp.swift in Sources */ = {isa = PBXBuildFile; fileRef = AA4AD7322C20D4EB00BADA80 /* LanguagePopoverMenuPickerApp.swift */; };
		AA4AD7392C20D4EC00BADA80 /* Assets.xcassets in Resources */ = {isa = PBXBuildFile; fileRef = AA4AD7382C20D4EC00BADA80 /* Assets.xcassets */; };
		AA4AD73D2C20D4EC00BADA80 /* Preview Assets.xcassets in Resources */ = {isa = PBXBuildFile; fileRef = AA4AD73C2C20D4EC00BADA80 /* Preview Assets.xcassets */; };
		AA4AD7472C20D4ED00BADA80 /* LanguagePopoverMenuPickerTests.swift in Sources */ = {isa = PBXBuildFile; fileRef = AA4AD7462C20D4ED00BADA80 /* LanguagePopoverMenuPickerTests.swift */; };
		AA4AD7512C20D4ED00BADA80 /* LanguagePopoverMenuPickerUITests.swift in Sources */ = {isa = PBXBuildFile; fileRef = AA4AD7502C20D4ED00BADA80 /* LanguagePopoverMenuPickerUITests.swift */; };
		AA4AD7532C20D4ED00BADA80 /* LanguagePopoverMenuPickerUITestsLaunchTests.swift in Sources */ = {isa = PBXBuildFile; fileRef = AA4AD7522C20D4ED00BADA80 /* LanguagePopoverMenuPickerUITestsLaunchTests.swift */; };
/* End PBXBuildFile section */

/* Begin PBXContainerItemProxy section */
		AA4AD7432C20D4ED00BADA80 /* PBXContainerItemProxy */ = {
			isa = PBXContainerItemProxy;
			containerPortal = AA4AD7272C20D4EB00BADA80 /* Project object */;
			proxyType = 1;
			remoteGlobalIDString = AA4AD72E2C20D4EB00BADA80;
			remoteInfo = LanguagePopoverMenuPicker;
		};
		AA4AD74D2C20D4ED00BADA80 /* PBXContainerItemProxy */ = {
			isa = PBXContainerItemProxy;
			containerPortal = AA4AD7272C20D4EB00BADA80 /* Project object */;
			proxyType = 1;
			remoteGlobalIDString = AA4AD72E2C20D4EB00BADA80;
			remoteInfo = LanguagePopoverMenuPicker;
		};
/* End PBXContainerItemProxy section */

/* Begin PBXFileReference section */
		AA4AD72F2C20D4EB00BADA80 /* LanguagePopoverMenuPicker.app */ = {isa = PBXFileReference; explicitFileType = wrapper.application; includeInIndex = 0; path = LanguagePopoverMenuPicker.app; sourceTree = BUILT_PRODUCTS_DIR; };
		AA4AD7322C20D4EB00BADA80 /* LanguagePopoverMenuPickerApp.swift */ = {isa = PBXFileReference; lastKnownFileType = sourcecode.swift; path = LanguagePopoverMenuPickerApp.swift; sourceTree = "<group>"; };
		AA4AD7382C20D4EC00BADA80 /* Assets.xcassets */ = {isa = PBXFileReference; lastKnownFileType = folder.assetcatalog; path = Assets.xcassets; sourceTree = "<group>"; };
		AA4AD73A2C20D4EC00BADA80 /* LanguagePopoverMenuPicker.entitlements */ = {isa = PBXFileReference; lastKnownFileType = text.plist.entitlements; path = LanguagePopoverMenuPicker.entitlements; sourceTree = "<group>"; };
		AA4AD73C2C20D4EC00BADA80 /* Preview Assets.xcassets */ = {isa = PBXFileReference; lastKnownFileType = folder.assetcatalog; path = "Preview Assets.xcassets"; sourceTree = "<group>"; };
		AA4AD7422C20D4ED00BADA80 /* LanguagePopoverMenuPickerTests.xctest */ = {isa = PBXFileReference; explicitFileType = wrapper.cfbundle; includeInIndex = 0; path = LanguagePopoverMenuPickerTests.xctest; sourceTree = BUILT_PRODUCTS_DIR; };
		AA4AD7462C20D4ED00BADA80 /* LanguagePopoverMenuPickerTests.swift */ = {isa = PBXFileReference; lastKnownFileType = sourcecode.swift; path = LanguagePopoverMenuPickerTests.swift; sourceTree = "<group>"; };
		AA4AD74C2C20D4ED00BADA80 /* LanguagePopoverMenuPickerUITests.xctest */ = {isa = PBXFileReference; explicitFileType = wrapper.cfbundle; includeInIndex = 0; path = LanguagePopoverMenuPickerUITests.xctest; sourceTree = BUILT_PRODUCTS_DIR; };
		AA4AD7502C20D4ED00BADA80 /* LanguagePopoverMenuPickerUITests.swift */ = {isa = PBXFileReference; lastKnownFileType = sourcecode.swift; path = LanguagePopoverMenuPickerUITests.swift; sourceTree = "<group>"; };
		AA4AD7522C20D4ED00BADA80 /* LanguagePopoverMenuPickerUITestsLaunchTests.swift */ = {isa = PBXFileReference; lastKnownFileType = sourcecode.swift; path = LanguagePopoverMenuPickerUITestsLaunchTests.swift; sourceTree = "<group>"; };
/* End PBXFileReference section */

/* Begin PBXFileSystemSynchronizedRootGroup section */
		AA4AD77C2C20D54E00BADA80 /* Core */ = {isa = PBXFileSystemSynchronizedRootGroup; explicitFileTypes = {}; explicitFolders = (); path = Core; sourceTree = "<group>"; };
		AA4AD7862C20D54E00BADA80 /* Country */ = {isa = PBXFileSystemSynchronizedRootGroup; explicitFileTypes = {}; explicitFolders = (); path = Country; sourceTree = "<group>"; };
		AA4AD7952C20D54E00BADA80 /* Search */ = {isa = PBXFileSystemSynchronizedRootGroup; explicitFileTypes = {}; explicitFolders = (); path = Search; sourceTree = "<group>"; };
		AA4AD79A2C20D54E00BADA80 /* Settings */ = {isa = PBXFileSystemSynchronizedRootGroup; explicitFileTypes = {}; explicitFolders = (); path = Settings; sourceTree = "<group>"; };
		AA4AD79C2C20D54E00BADA80 /* Theme */ = {isa = PBXFileSystemSynchronizedRootGroup; explicitFileTypes = {}; explicitFolders = (); path = Theme; sourceTree = "<group>"; };
/* End PBXFileSystemSynchronizedRootGroup section */

/* Begin PBXFrameworksBuildPhase section */
		AA4AD72C2C20D4EB00BADA80 /* Frameworks */ = {
			isa = PBXFrameworksBuildPhase;
			buildActionMask = 2147483647;
			files = (
			);
			runOnlyForDeploymentPostprocessing = 0;
		};
		AA4AD73F2C20D4ED00BADA80 /* Frameworks */ = {
			isa = PBXFrameworksBuildPhase;
			buildActionMask = 2147483647;
			files = (
			);
			runOnlyForDeploymentPostprocessing = 0;
		};
		AA4AD7492C20D4ED00BADA80 /* Frameworks */ = {
			isa = PBXFrameworksBuildPhase;
			buildActionMask = 2147483647;
			files = (
			);
			runOnlyForDeploymentPostprocessing = 0;
		};
/* End PBXFrameworksBuildPhase section */

/* Begin PBXGroup section */
		AA4AD7262C20D4EB00BADA80 = {
			isa = PBXGroup;
			children = (
				AA4AD7312C20D4EB00BADA80 /* LanguagePopoverMenuPicker */,
				AA4AD7452C20D4ED00BADA80 /* LanguagePopoverMenuPickerTests */,
				AA4AD74F2C20D4ED00BADA80 /* LanguagePopoverMenuPickerUITests */,
				AA4AD7302C20D4EB00BADA80 /* Products */,
			);
			sourceTree = "<group>";
		};
		AA4AD7302C20D4EB00BADA80 /* Products */ = {
			isa = PBXGroup;
			children = (
				AA4AD72F2C20D4EB00BADA80 /* LanguagePopoverMenuPicker.app */,
				AA4AD7422C20D4ED00BADA80 /* LanguagePopoverMenuPickerTests.xctest */,
				AA4AD74C2C20D4ED00BADA80 /* LanguagePopoverMenuPickerUITests.xctest */,
			);
			name = Products;
			sourceTree = "<group>";
		};
		AA4AD7312C20D4EB00BADA80 /* LanguagePopoverMenuPicker */ = {
			isa = PBXGroup;
			children = (
				AA4AD77C2C20D54E00BADA80 /* Core */,
				AA4AD7862C20D54E00BADA80 /* Country */,
				AA4AD7952C20D54E00BADA80 /* Search */,
				AA4AD79A2C20D54E00BADA80 /* Settings */,
				AA4AD79C2C20D54E00BADA80 /* Theme */,
				AA4AD7322C20D4EB00BADA80 /* LanguagePopoverMenuPickerApp.swift */,
				AA4AD7382C20D4EC00BADA80 /* Assets.xcassets */,
				AA4AD73A2C20D4EC00BADA80 /* LanguagePopoverMenuPicker.entitlements */,
				AA4AD73B2C20D4EC00BADA80 /* Preview Content */,
			);
			path = LanguagePopoverMenuPicker;
			sourceTree = "<group>";
		};
		AA4AD73B2C20D4EC00BADA80 /* Preview Content */ = {
			isa = PBXGroup;
			children = (
				AA4AD73C2C20D4EC00BADA80 /* Preview Assets.xcassets */,
			);
			path = "Preview Content";
			sourceTree = "<group>";
		};
		AA4AD7452C20D4ED00BADA80 /* LanguagePopoverMenuPickerTests */ = {
			isa = PBXGroup;
			children = (
				AA4AD7462C20D4ED00BADA80 /* LanguagePopoverMenuPickerTests.swift */,
			);
			path = LanguagePopoverMenuPickerTests;
			sourceTree = "<group>";
		};
		AA4AD74F2C20D4ED00BADA80 /* LanguagePopoverMenuPickerUITests */ = {
			isa = PBXGroup;
			children = (
				AA4AD7502C20D4ED00BADA80 /* LanguagePopoverMenuPickerUITests.swift */,
				AA4AD7522C20D4ED00BADA80 /* LanguagePopoverMenuPickerUITestsLaunchTests.swift */,
			);
			path = LanguagePopoverMenuPickerUITests;
			sourceTree = "<group>";
		};
/* End PBXGroup section */

/* Begin PBXNativeTarget section */
		AA4AD72E2C20D4EB00BADA80 /* LanguagePopoverMenuPicker */ = {
			isa = PBXNativeTarget;
			buildConfigurationList = AA4AD7562C20D4ED00BADA80 /* Build configuration list for PBXNativeTarget "LanguagePopoverMenuPicker" */;
			buildPhases = (
				AA4AD72B2C20D4EB00BADA80 /* Sources */,
				AA4AD72C2C20D4EB00BADA80 /* Frameworks */,
				AA4AD72D2C20D4EB00BADA80 /* Resources */,
			);
			buildRules = (
			);
			dependencies = (
			);
			fileSystemSynchronizedGroups = (
				AA4AD77C2C20D54E00BADA80 /* Core */,
				AA4AD7862C20D54E00BADA80 /* Country */,
				AA4AD7952C20D54E00BADA80 /* Search */,
				AA4AD79A2C20D54E00BADA80 /* Settings */,
				AA4AD79C2C20D54E00BADA80 /* Theme */,
			);
			name = LanguagePopoverMenuPicker;
			productName = LanguagePopoverMenuPicker;
			productReference = AA4AD72F2C20D4EB00BADA80 /* LanguagePopoverMenuPicker.app */;
			productType = "com.apple.product-type.application";
		};
		AA4AD7412C20D4ED00BADA80 /* LanguagePopoverMenuPickerTests */ = {
			isa = PBXNativeTarget;
			buildConfigurationList = AA4AD7592C20D4ED00BADA80 /* Build configuration list for PBXNativeTarget "LanguagePopoverMenuPickerTests" */;
			buildPhases = (
				AA4AD73E2C20D4ED00BADA80 /* Sources */,
				AA4AD73F2C20D4ED00BADA80 /* Frameworks */,
				AA4AD7402C20D4ED00BADA80 /* Resources */,
			);
			buildRules = (
			);
			dependencies = (
				AA4AD7442C20D4ED00BADA80 /* PBXTargetDependency */,
			);
			name = LanguagePopoverMenuPickerTests;
			productName = LanguagePopoverMenuPickerTests;
			productReference = AA4AD7422C20D4ED00BADA80 /* LanguagePopoverMenuPickerTests.xctest */;
			productType = "com.apple.product-type.bundle.unit-test";
		};
		AA4AD74B2C20D4ED00BADA80 /* LanguagePopoverMenuPickerUITests */ = {
			isa = PBXNativeTarget;
			buildConfigurationList = AA4AD75C2C20D4ED00BADA80 /* Build configuration list for PBXNativeTarget "LanguagePopoverMenuPickerUITests" */;
			buildPhases = (
				AA4AD7482C20D4ED00BADA80 /* Sources */,
				AA4AD7492C20D4ED00BADA80 /* Frameworks */,
				AA4AD74A2C20D4ED00BADA80 /* Resources */,
			);
			buildRules = (
			);
			dependencies = (
				AA4AD74E2C20D4ED00BADA80 /* PBXTargetDependency */,
			);
			name = LanguagePopoverMenuPickerUITests;
			productName = LanguagePopoverMenuPickerUITests;
			productReference = AA4AD74C2C20D4ED00BADA80 /* LanguagePopoverMenuPickerUITests.xctest */;
			productType = "com.apple.product-type.bundle.ui-testing";
		};
/* End PBXNativeTarget section */

/* Begin PBXProject section */
		AA4AD7272C20D4EB00BADA80 /* Project object */ = {
			isa = PBXProject;
			attributes = {
				BuildIndependentTargetsInParallel = 1;
				LastSwiftUpdateCheck = 1600;
				LastUpgradeCheck = 1600;
				TargetAttributes = {
					AA4AD72E2C20D4EB00BADA80 = {
						CreatedOnToolsVersion = 16.0;
					};
					AA4AD7412C20D4ED00BADA80 = {
						CreatedOnToolsVersion = 16.0;
						TestTargetID = AA4AD72E2C20D4EB00BADA80;
					};
					AA4AD74B2C20D4ED00BADA80 = {
						CreatedOnToolsVersion = 16.0;
						TestTargetID = AA4AD72E2C20D4EB00BADA80;
					};
				};
			};
			buildConfigurationList = AA4AD72A2C20D4EB00BADA80 /* Build configuration list for PBXProject "LanguagePopoverMenuPicker" */;
			compatibilityVersion = "Xcode 15.0";
			developmentRegion = en;
			hasScannedForEncodings = 0;
			knownRegions = (
				en,
				Base,
			);
			mainGroup = AA4AD7262C20D4EB00BADA80;
			productRefGroup = AA4AD7302C20D4EB00BADA80 /* Products */;
			projectDirPath = "";
			projectRoot = "";
			targets = (
				AA4AD72E2C20D4EB00BADA80 /* LanguagePopoverMenuPicker */,
				AA4AD7412C20D4ED00BADA80 /* LanguagePopoverMenuPickerTests */,
				AA4AD74B2C20D4ED00BADA80 /* LanguagePopoverMenuPickerUITests */,
			);
		};
/* End PBXProject section */

/* Begin PBXResourcesBuildPhase section */
		AA4AD72D2C20D4EB00BADA80 /* Resources */ = {
			isa = PBXResourcesBuildPhase;
			buildActionMask = 2147483647;
			files = (
				AA4AD73D2C20D4EC00BADA80 /* Preview Assets.xcassets in Resources */,
				AA4AD7392C20D4EC00BADA80 /* Assets.xcassets in Resources */,
			);
			runOnlyForDeploymentPostprocessing = 0;
		};
		AA4AD7402C20D4ED00BADA80 /* Resources */ = {
			isa = PBXResourcesBuildPhase;
			buildActionMask = 2147483647;
			files = (
			);
			runOnlyForDeploymentPostprocessing = 0;
		};
		AA4AD74A2C20D4ED00BADA80 /* Resources */ = {
			isa = PBXResourcesBuildPhase;
			buildActionMask = 2147483647;
			files = (
			);
			runOnlyForDeploymentPostprocessing = 0;
		};
/* End PBXResourcesBuildPhase section */

/* Begin PBXSourcesBuildPhase section */
		AA4AD72B2C20D4EB00BADA80 /* Sources */ = {
			isa = PBXSourcesBuildPhase;
			buildActionMask = 2147483647;
			files = (
				AA4AD7332C20D4EB00BADA80 /* LanguagePopoverMenuPickerApp.swift in Sources */,
			);
			runOnlyForDeploymentPostprocessing = 0;
		};
		AA4AD73E2C20D4ED00BADA80 /* Sources */ = {
			isa = PBXSourcesBuildPhase;
			buildActionMask = 2147483647;
			files = (
				AA4AD7472C20D4ED00BADA80 /* LanguagePopoverMenuPickerTests.swift in Sources */,
			);
			runOnlyForDeploymentPostprocessing = 0;
		};
		AA4AD7482C20D4ED00BADA80 /* Sources */ = {
			isa = PBXSourcesBuildPhase;
			buildActionMask = 2147483647;
			files = (
				AA4AD7512C20D4ED00BADA80 /* LanguagePopoverMenuPickerUITests.swift in Sources */,
				AA4AD7532C20D4ED00BADA80 /* LanguagePopoverMenuPickerUITestsLaunchTests.swift in Sources */,
			);
			runOnlyForDeploymentPostprocessing = 0;
		};
/* End PBXSourcesBuildPhase section */

/* Begin PBXTargetDependency section */
		AA4AD7442C20D4ED00BADA80 /* PBXTargetDependency */ = {
			isa = PBXTargetDependency;
			target = AA4AD72E2C20D4EB00BADA80 /* LanguagePopoverMenuPicker */;
			targetProxy = AA4AD7432C20D4ED00BADA80 /* PBXContainerItemProxy */;
		};
		AA4AD74E2C20D4ED00BADA80 /* PBXTargetDependency */ = {
			isa = PBXTargetDependency;
			target = AA4AD72E2C20D4EB00BADA80 /* LanguagePopoverMenuPicker */;
			targetProxy = AA4AD74D2C20D4ED00BADA80 /* PBXContainerItemProxy */;
		};
/* End PBXTargetDependency section */

/* Begin XCBuildConfiguration section */
		AA4AD7542C20D4ED00BADA80 /* Debug */ = {
			isa = XCBuildConfiguration;
			buildSettings = {
				ALWAYS_SEARCH_USER_PATHS = NO;
				ASSETCATALOG_COMPILER_GENERATE_SWIFT_ASSET_SYMBOL_EXTENSIONS = YES;
				CLANG_ANALYZER_NONNULL = YES;
				CLANG_ANALYZER_NUMBER_OBJECT_CONVERSION = YES_AGGRESSIVE;
				CLANG_CXX_LANGUAGE_STANDARD = "gnu++20";
				CLANG_ENABLE_MODULES = YES;
				CLANG_ENABLE_OBJC_ARC = YES;
				CLANG_ENABLE_OBJC_WEAK = YES;
				CLANG_WARN_BLOCK_CAPTURE_AUTORELEASING = YES;
				CLANG_WARN_BOOL_CONVERSION = YES;
				CLANG_WARN_COMMA = YES;
				CLANG_WARN_CONSTANT_CONVERSION = YES;
				CLANG_WARN_DEPRECATED_OBJC_IMPLEMENTATIONS = YES;
				CLANG_WARN_DIRECT_OBJC_ISA_USAGE = YES_ERROR;
				CLANG_WARN_DOCUMENTATION_COMMENTS = YES;
				CLANG_WARN_EMPTY_BODY = YES;
				CLANG_WARN_ENUM_CONVERSION = YES;
				CLANG_WARN_INFINITE_RECURSION = YES;
				CLANG_WARN_INT_CONVERSION = YES;
				CLANG_WARN_NON_LITERAL_NULL_CONVERSION = YES;
				CLANG_WARN_OBJC_IMPLICIT_RETAIN_SELF = YES;
				CLANG_WARN_OBJC_LITERAL_CONVERSION = YES;
				CLANG_WARN_OBJC_ROOT_CLASS = YES_ERROR;
				CLANG_WARN_QUOTED_INCLUDE_IN_FRAMEWORK_HEADER = YES;
				CLANG_WARN_RANGE_LOOP_ANALYSIS = YES;
				CLANG_WARN_STRICT_PROTOTYPES = YES;
				CLANG_WARN_SUSPICIOUS_MOVE = YES;
				CLANG_WARN_UNGUARDED_AVAILABILITY = YES_AGGRESSIVE;
				CLANG_WARN_UNREACHABLE_CODE = YES;
				CLANG_WARN__DUPLICATE_METHOD_MATCH = YES;
				COPY_PHASE_STRIP = NO;
				DEBUG_INFORMATION_FORMAT = dwarf;
				ENABLE_STRICT_OBJC_MSGSEND = YES;
				ENABLE_TESTABILITY = YES;
				ENABLE_USER_SCRIPT_SANDBOXING = YES;
				GCC_C_LANGUAGE_STANDARD = gnu17;
				GCC_DYNAMIC_NO_PIC = NO;
				GCC_NO_COMMON_BLOCKS = YES;
				GCC_OPTIMIZATION_LEVEL = 0;
				GCC_PREPROCESSOR_DEFINITIONS = (
					"DEBUG=1",
					"$(inherited)",
				);
				GCC_WARN_64_TO_32_BIT_CONVERSION = YES;
				GCC_WARN_ABOUT_RETURN_TYPE = YES_ERROR;
				GCC_WARN_UNDECLARED_SELECTOR = YES;
				GCC_WARN_UNINITIALIZED_AUTOS = YES_AGGRESSIVE;
				GCC_WARN_UNUSED_FUNCTION = YES;
				GCC_WARN_UNUSED_VARIABLE = YES;
				LOCALIZATION_PREFERS_STRING_CATALOGS = YES;
				MTL_ENABLE_DEBUG_INFO = INCLUDE_SOURCE;
				MTL_FAST_MATH = YES;
				ONLY_ACTIVE_ARCH = YES;
				SWIFT_ACTIVE_COMPILATION_CONDITIONS = "DEBUG $(inherited)";
				SWIFT_OPTIMIZATION_LEVEL = "-Onone";
			};
			name = Debug;
		};
		AA4AD7552C20D4ED00BADA80 /* Release */ = {
			isa = XCBuildConfiguration;
			buildSettings = {
				ALWAYS_SEARCH_USER_PATHS = NO;
				ASSETCATALOG_COMPILER_GENERATE_SWIFT_ASSET_SYMBOL_EXTENSIONS = YES;
				CLANG_ANALYZER_NONNULL = YES;
				CLANG_ANALYZER_NUMBER_OBJECT_CONVERSION = YES_AGGRESSIVE;
				CLANG_CXX_LANGUAGE_STANDARD = "gnu++20";
				CLANG_ENABLE_MODULES = YES;
				CLANG_ENABLE_OBJC_ARC = YES;
				CLANG_ENABLE_OBJC_WEAK = YES;
				CLANG_WARN_BLOCK_CAPTURE_AUTORELEASING = YES;
				CLANG_WARN_BOOL_CONVERSION = YES;
				CLANG_WARN_COMMA = YES;
				CLANG_WARN_CONSTANT_CONVERSION = YES;
				CLANG_WARN_DEPRECATED_OBJC_IMPLEMENTATIONS = YES;
				CLANG_WARN_DIRECT_OBJC_ISA_USAGE = YES_ERROR;
				CLANG_WARN_DOCUMENTATION_COMMENTS = YES;
				CLANG_WARN_EMPTY_BODY = YES;
				CLANG_WARN_ENUM_CONVERSION = YES;
				CLANG_WARN_INFINITE_RECURSION = YES;
				CLANG_WARN_INT_CONVERSION = YES;
				CLANG_WARN_NON_LITERAL_NULL_CONVERSION = YES;
				CLANG_WARN_OBJC_IMPLICIT_RETAIN_SELF = YES;
				CLANG_WARN_OBJC_LITERAL_CONVERSION = YES;
				CLANG_WARN_OBJC_ROOT_CLASS = YES_ERROR;
				CLANG_WARN_QUOTED_INCLUDE_IN_FRAMEWORK_HEADER = YES;
				CLANG_WARN_RANGE_LOOP_ANALYSIS = YES;
				CLANG_WARN_STRICT_PROTOTYPES = YES;
				CLANG_WARN_SUSPICIOUS_MOVE = YES;
				CLANG_WARN_UNGUARDED_AVAILABILITY = YES_AGGRESSIVE;
				CLANG_WARN_UNREACHABLE_CODE = YES;
				CLANG_WARN__DUPLICATE_METHOD_MATCH = YES;
				COPY_PHASE_STRIP = NO;
				DEBUG_INFORMATION_FORMAT = "dwarf-with-dsym";
				ENABLE_NS_ASSERTIONS = NO;
				ENABLE_STRICT_OBJC_MSGSEND = YES;
				ENABLE_USER_SCRIPT_SANDBOXING = YES;
				GCC_C_LANGUAGE_STANDARD = gnu17;
				GCC_NO_COMMON_BLOCKS = YES;
				GCC_WARN_64_TO_32_BIT_CONVERSION = YES;
				GCC_WARN_ABOUT_RETURN_TYPE = YES_ERROR;
				GCC_WARN_UNDECLARED_SELECTOR = YES;
				GCC_WARN_UNINITIALIZED_AUTOS = YES_AGGRESSIVE;
				GCC_WARN_UNUSED_FUNCTION = YES;
				GCC_WARN_UNUSED_VARIABLE = YES;
				LOCALIZATION_PREFERS_STRING_CATALOGS = YES;
				MTL_ENABLE_DEBUG_INFO = NO;
				MTL_FAST_MATH = YES;
				SWIFT_COMPILATION_MODE = wholemodule;
			};
			name = Release;
		};
		AA4AD7572C20D4ED00BADA80 /* Debug */ = {
			isa = XCBuildConfiguration;
			buildSettings = {
				ASSETCATALOG_COMPILER_APPICON_NAME = AppIcon;
				ASSETCATALOG_COMPILER_GLOBAL_ACCENT_COLOR_NAME = AccentColor;
				CODE_SIGN_ENTITLEMENTS = LanguagePopoverMenuPicker/LanguagePopoverMenuPicker.entitlements;
				CODE_SIGN_STYLE = Automatic;
				CURRENT_PROJECT_VERSION = 1;
				DEVELOPMENT_ASSET_PATHS = "\"LanguagePopoverMenuPicker/Preview Content\"";
				DEVELOPMENT_TEAM = T6WGJMZTF8;
				ENABLE_HARDENED_RUNTIME = YES;
				ENABLE_PREVIEWS = YES;
				GENERATE_INFOPLIST_FILE = YES;
				"INFOPLIST_KEY_UIApplicationSceneManifest_Generation[sdk=iphoneos*]" = YES;
				"INFOPLIST_KEY_UIApplicationSceneManifest_Generation[sdk=iphonesimulator*]" = YES;
				"INFOPLIST_KEY_UIApplicationSupportsIndirectInputEvents[sdk=iphoneos*]" = YES;
				"INFOPLIST_KEY_UIApplicationSupportsIndirectInputEvents[sdk=iphonesimulator*]" = YES;
				"INFOPLIST_KEY_UILaunchScreen_Generation[sdk=iphoneos*]" = YES;
				"INFOPLIST_KEY_UILaunchScreen_Generation[sdk=iphonesimulator*]" = YES;
				"INFOPLIST_KEY_UIStatusBarStyle[sdk=iphoneos*]" = UIStatusBarStyleDefault;
				"INFOPLIST_KEY_UIStatusBarStyle[sdk=iphonesimulator*]" = UIStatusBarStyleDefault;
				INFOPLIST_KEY_UISupportedInterfaceOrientations_iPad = "UIInterfaceOrientationPortrait UIInterfaceOrientationPortraitUpsideDown UIInterfaceOrientationLandscapeLeft UIInterfaceOrientationLandscapeRight";
				INFOPLIST_KEY_UISupportedInterfaceOrientations_iPhone = "UIInterfaceOrientationPortrait UIInterfaceOrientationLandscapeLeft UIInterfaceOrientationLandscapeRight";
				IPHONEOS_DEPLOYMENT_TARGET = 18.0;
				LD_RUNPATH_SEARCH_PATHS = "@executable_path/Frameworks";
				"LD_RUNPATH_SEARCH_PATHS[sdk=macosx*]" = "@executable_path/../Frameworks";
				MACOSX_DEPLOYMENT_TARGET = 14.0;
				MARKETING_VERSION = 1.0;
				PRODUCT_BUNDLE_IDENTIFIER = app.bettercode.language.popovermenu.picker.macos.LanguagePopoverMenuPicker;
				PRODUCT_NAME = "$(TARGET_NAME)";
				SDKROOT = auto;
				SUPPORTED_PLATFORMS = "iphoneos iphonesimulator macosx xros xrsimulator";
				SWIFT_EMIT_LOC_STRINGS = YES;
				SWIFT_VERSION = 5.0;
				TARGETED_DEVICE_FAMILY = "1,2,7";
				XROS_DEPLOYMENT_TARGET = 2.0;
			};
			name = Debug;
		};
		AA4AD7582C20D4ED00BADA80 /* Release */ = {
			isa = XCBuildConfiguration;
			buildSettings = {
				ASSETCATALOG_COMPILER_APPICON_NAME = AppIcon;
				ASSETCATALOG_COMPILER_GLOBAL_ACCENT_COLOR_NAME = AccentColor;
				CODE_SIGN_ENTITLEMENTS = LanguagePopoverMenuPicker/LanguagePopoverMenuPicker.entitlements;
				CODE_SIGN_STYLE = Automatic;
				CURRENT_PROJECT_VERSION = 1;
				DEVELOPMENT_ASSET_PATHS = "\"LanguagePopoverMenuPicker/Preview Content\"";
				DEVELOPMENT_TEAM = T6WGJMZTF8;
				ENABLE_HARDENED_RUNTIME = YES;
				ENABLE_PREVIEWS = YES;
				GENERATE_INFOPLIST_FILE = YES;
				"INFOPLIST_KEY_UIApplicationSceneManifest_Generation[sdk=iphoneos*]" = YES;
				"INFOPLIST_KEY_UIApplicationSceneManifest_Generation[sdk=iphonesimulator*]" = YES;
				"INFOPLIST_KEY_UIApplicationSupportsIndirectInputEvents[sdk=iphoneos*]" = YES;
				"INFOPLIST_KEY_UIApplicationSupportsIndirectInputEvents[sdk=iphonesimulator*]" = YES;
				"INFOPLIST_KEY_UILaunchScreen_Generation[sdk=iphoneos*]" = YES;
				"INFOPLIST_KEY_UILaunchScreen_Generation[sdk=iphonesimulator*]" = YES;
				"INFOPLIST_KEY_UIStatusBarStyle[sdk=iphoneos*]" = UIStatusBarStyleDefault;
				"INFOPLIST_KEY_UIStatusBarStyle[sdk=iphonesimulator*]" = UIStatusBarStyleDefault;
				INFOPLIST_KEY_UISupportedInterfaceOrientations_iPad = "UIInterfaceOrientationPortrait UIInterfaceOrientationPortraitUpsideDown UIInterfaceOrientationLandscapeLeft UIInterfaceOrientationLandscapeRight";
				INFOPLIST_KEY_UISupportedInterfaceOrientations_iPhone = "UIInterfaceOrientationPortrait UIInterfaceOrientationLandscapeLeft UIInterfaceOrientationLandscapeRight";
				IPHONEOS_DEPLOYMENT_TARGET = 18.0;
				LD_RUNPATH_SEARCH_PATHS = "@executable_path/Frameworks";
				"LD_RUNPATH_SEARCH_PATHS[sdk=macosx*]" = "@executable_path/../Frameworks";
				MACOSX_DEPLOYMENT_TARGET = 14.0;
				MARKETING_VERSION = 1.0;
				PRODUCT_BUNDLE_IDENTIFIER = app.bettercode.language.popovermenu.picker.macos.LanguagePopoverMenuPicker;
				PRODUCT_NAME = "$(TARGET_NAME)";
				SDKROOT = auto;
				SUPPORTED_PLATFORMS = "iphoneos iphonesimulator macosx xros xrsimulator";
				SWIFT_EMIT_LOC_STRINGS = YES;
				SWIFT_VERSION = 5.0;
				TARGETED_DEVICE_FAMILY = "1,2,7";
				XROS_DEPLOYMENT_TARGET = 2.0;
			};
			name = Release;
		};
		AA4AD75A2C20D4ED00BADA80 /* Debug */ = {
			isa = XCBuildConfiguration;
			buildSettings = {
				BUNDLE_LOADER = "$(TEST_HOST)";
				CODE_SIGN_STYLE = Automatic;
				CURRENT_PROJECT_VERSION = 1;
				DEVELOPMENT_TEAM = T6WGJMZTF8;
				GENERATE_INFOPLIST_FILE = YES;
				IPHONEOS_DEPLOYMENT_TARGET = 18.0;
				MACOSX_DEPLOYMENT_TARGET = 15.0;
				MARKETING_VERSION = 1.0;
				PRODUCT_BUNDLE_IDENTIFIER = app.bettercode.language.popovermenu.picker.macos.LanguagePopoverMenuPickerTests;
				PRODUCT_NAME = "$(TARGET_NAME)";
				SDKROOT = auto;
				SUPPORTED_PLATFORMS = "iphoneos iphonesimulator macosx xros xrsimulator";
				SWIFT_EMIT_LOC_STRINGS = NO;
				SWIFT_VERSION = 5.0;
				TARGETED_DEVICE_FAMILY = "1,2,7";
				TEST_HOST = "$(BUILT_PRODUCTS_DIR)/LanguagePopoverMenuPicker.app/$(BUNDLE_EXECUTABLE_FOLDER_PATH)/LanguagePopoverMenuPicker";
				XROS_DEPLOYMENT_TARGET = 2.0;
			};
			name = Debug;
		};
		AA4AD75B2C20D4ED00BADA80 /* Release */ = {
			isa = XCBuildConfiguration;
			buildSettings = {
				BUNDLE_LOADER = "$(TEST_HOST)";
				CODE_SIGN_STYLE = Automatic;
				CURRENT_PROJECT_VERSION = 1;
				DEVELOPMENT_TEAM = T6WGJMZTF8;
				GENERATE_INFOPLIST_FILE = YES;
				IPHONEOS_DEPLOYMENT_TARGET = 18.0;
				MACOSX_DEPLOYMENT_TARGET = 15.0;
				MARKETING_VERSION = 1.0;
				PRODUCT_BUNDLE_IDENTIFIER = app.bettercode.language.popovermenu.picker.macos.LanguagePopoverMenuPickerTests;
				PRODUCT_NAME = "$(TARGET_NAME)";
				SDKROOT = auto;
				SUPPORTED_PLATFORMS = "iphoneos iphonesimulator macosx xros xrsimulator";
				SWIFT_EMIT_LOC_STRINGS = NO;
				SWIFT_VERSION = 5.0;
				TARGETED_DEVICE_FAMILY = "1,2,7";
				TEST_HOST = "$(BUILT_PRODUCTS_DIR)/LanguagePopoverMenuPicker.app/$(BUNDLE_EXECUTABLE_FOLDER_PATH)/LanguagePopoverMenuPicker";
				XROS_DEPLOYMENT_TARGET = 2.0;
			};
			name = Release;
		};
		AA4AD75D2C20D4ED00BADA80 /* Debug */ = {
			isa = XCBuildConfiguration;
			buildSettings = {
				CODE_SIGN_STYLE = Automatic;
				CURRENT_PROJECT_VERSION = 1;
				DEVELOPMENT_TEAM = T6WGJMZTF8;
				GENERATE_INFOPLIST_FILE = YES;
				IPHONEOS_DEPLOYMENT_TARGET = 18.0;
				MACOSX_DEPLOYMENT_TARGET = 15.0;
				MARKETING_VERSION = 1.0;
				PRODUCT_BUNDLE_IDENTIFIER = app.bettercode.language.popovermenu.picker.macos.LanguagePopoverMenuPickerUITests;
				PRODUCT_NAME = "$(TARGET_NAME)";
				SDKROOT = auto;
				SUPPORTED_PLATFORMS = "iphoneos iphonesimulator macosx xros xrsimulator";
				SWIFT_EMIT_LOC_STRINGS = NO;
				SWIFT_VERSION = 5.0;
				TARGETED_DEVICE_FAMILY = "1,2,7";
				TEST_TARGET_NAME = LanguagePopoverMenuPicker;
				XROS_DEPLOYMENT_TARGET = 2.0;
			};
			name = Debug;
		};
		AA4AD75E2C20D4ED00BADA80 /* Release */ = {
			isa = XCBuildConfiguration;
			buildSettings = {
				CODE_SIGN_STYLE = Automatic;
				CURRENT_PROJECT_VERSION = 1;
				DEVELOPMENT_TEAM = T6WGJMZTF8;
				GENERATE_INFOPLIST_FILE = YES;
				IPHONEOS_DEPLOYMENT_TARGET = 18.0;
				MACOSX_DEPLOYMENT_TARGET = 15.0;
				MARKETING_VERSION = 1.0;
				PRODUCT_BUNDLE_IDENTIFIER = app.bettercode.language.popovermenu.picker.macos.LanguagePopoverMenuPickerUITests;
				PRODUCT_NAME = "$(TARGET_NAME)";
				SDKROOT = auto;
				SUPPORTED_PLATFORMS = "iphoneos iphonesimulator macosx xros xrsimulator";
				SWIFT_EMIT_LOC_STRINGS = NO;
				SWIFT_VERSION = 5.0;
				TARGETED_DEVICE_FAMILY = "1,2,7";
				TEST_TARGET_NAME = LanguagePopoverMenuPicker;
				XROS_DEPLOYMENT_TARGET = 2.0;
			};
			name = Release;
		};
/* End XCBuildConfiguration section */

/* Begin XCConfigurationList section */
		AA4AD72A2C20D4EB00BADA80 /* Build configuration list for PBXProject "LanguagePopoverMenuPicker" */ = {
			isa = XCConfigurationList;
			buildConfigurations = (
				AA4AD7542C20D4ED00BADA80 /* Debug */,
				AA4AD7552C20D4ED00BADA80 /* Release */,
			);
			defaultConfigurationIsVisible = 0;
			defaultConfigurationName = Release;
		};
		AA4AD7562C20D4ED00BADA80 /* Build configuration list for PBXNativeTarget "LanguagePopoverMenuPicker" */ = {
			isa = XCConfigurationList;
			buildConfigurations = (
				AA4AD7572C20D4ED00BADA80 /* Debug */,
				AA4AD7582C20D4ED00BADA80 /* Release */,
			);
			defaultConfigurationIsVisible = 0;
			defaultConfigurationName = Release;
		};
		AA4AD7592C20D4ED00BADA80 /* Build configuration list for PBXNativeTarget "LanguagePopoverMenuPickerTests" */ = {
			isa = XCConfigurationList;
			buildConfigurations = (
				AA4AD75A2C20D4ED00BADA80 /* Debug */,
				AA4AD75B2C20D4ED00BADA80 /* Release */,
			);
			defaultConfigurationIsVisible = 0;
			defaultConfigurationName = Release;
		};
		AA4AD75C2C20D4ED00BADA80 /* Build configuration list for PBXNativeTarget "LanguagePopoverMenuPickerUITests" */ = {
			isa = XCConfigurationList;
			buildConfigurations = (
				AA4AD75D2C20D4ED00BADA80 /* Debug */,
				AA4AD75E2C20D4ED00BADA80 /* Release */,
			);
			defaultConfigurationIsVisible = 0;
			defaultConfigurationName = Release;
		};
/* End XCConfigurationList section */
	};
	rootObject = AA4AD7272C20D4EB00BADA80 /* Project object */;
}
